// !$*UTF8*$!
{
	archiveVersion = 1;
	classes = {
	};
	objectVersion = 51;
	objects = {

/* Begin PBXBuildFile section */
		0A42D797641E7C563BBA3827 /* Pods_newsApp.framework in Frameworks */ = {isa = PBXBuildFile; fileRef = B47A9B493EDF991B5EA5C51B /* Pods_newsApp.framework */; };
		0C3E38CE24908B2E2722A7E7 /* Pods_newsAppTests.framework in Frameworks */ = {isa = PBXBuildFile; fileRef = 873803905C0F10D8E9D85E40 /* Pods_newsAppTests.framework */; };
		B1F5030F22FF94AD00BB034C /* AppDelegate.swift in Sources */ = {isa = PBXBuildFile; fileRef = B1F5030E22FF94AD00BB034C /* AppDelegate.swift */; };
		B1F5031122FF94AD00BB034C /* ViewController.swift in Sources */ = {isa = PBXBuildFile; fileRef = B1F5031022FF94AD00BB034C /* ViewController.swift */; };
		B1F5031422FF94AD00BB034C /* Main.storyboard in Resources */ = {isa = PBXBuildFile; fileRef = B1F5031222FF94AD00BB034C /* Main.storyboard */; };
		B1F5031622FF94AE00BB034C /* Assets.xcassets in Resources */ = {isa = PBXBuildFile; fileRef = B1F5031522FF94AE00BB034C /* Assets.xcassets */; };
		B1F5031922FF94AE00BB034C /* LaunchScreen.storyboard in Resources */ = {isa = PBXBuildFile; fileRef = B1F5031722FF94AE00BB034C /* LaunchScreen.storyboard */; };
		B1F5032422FF94AE00BB034C /* newsAppTests.swift in Sources */ = {isa = PBXBuildFile; fileRef = B1F5032322FF94AE00BB034C /* newsAppTests.swift */; };
		B1F5032F22FF94AE00BB034C /* newsAppUITests.swift in Sources */ = {isa = PBXBuildFile; fileRef = B1F5032E22FF94AE00BB034C /* newsAppUITests.swift */; };
		EDB326693A5121A9CF913414 /* Pods_newsAppUITests.framework in Frameworks */ = {isa = PBXBuildFile; fileRef = A220C152A24053A35848A33D /* Pods_newsAppUITests.framework */; };
/* End PBXBuildFile section */

/* Begin PBXContainerItemProxy section */
		B1F5032022FF94AE00BB034C /* PBXContainerItemProxy */ = {
			isa = PBXContainerItemProxy;
			containerPortal = B1F5030322FF94AD00BB034C /* Project object */;
			proxyType = 1;
			remoteGlobalIDString = B1F5030A22FF94AD00BB034C;
			remoteInfo = newsApp;
		};
		B1F5032B22FF94AE00BB034C /* PBXContainerItemProxy */ = {
			isa = PBXContainerItemProxy;
			containerPortal = B1F5030322FF94AD00BB034C /* Project object */;
			proxyType = 1;
			remoteGlobalIDString = B1F5030A22FF94AD00BB034C;
			remoteInfo = newsApp;
		};
/* End PBXContainerItemProxy section */

/* Begin PBXFileReference section */
		555888692F4D2EAC9AC87F9D /* Pods-newsApp.debug.xcconfig */ = {isa = PBXFileReference; includeInIndex = 1; lastKnownFileType = text.xcconfig; name = "Pods-newsApp.debug.xcconfig"; path = "Target Support Files/Pods-newsApp/Pods-newsApp.debug.xcconfig"; sourceTree = "<group>"; };
		5EDEB24EAF57E166E9DA93FB /* Pods-newsAppUITests.debug.xcconfig */ = {isa = PBXFileReference; includeInIndex = 1; lastKnownFileType = text.xcconfig; name = "Pods-newsAppUITests.debug.xcconfig"; path = "Target Support Files/Pods-newsAppUITests/Pods-newsAppUITests.debug.xcconfig"; sourceTree = "<group>"; };
		873803905C0F10D8E9D85E40 /* Pods_newsAppTests.framework */ = {isa = PBXFileReference; explicitFileType = wrapper.framework; includeInIndex = 0; path = Pods_newsAppTests.framework; sourceTree = BUILT_PRODUCTS_DIR; };
		A220C152A24053A35848A33D /* Pods_newsAppUITests.framework */ = {isa = PBXFileReference; explicitFileType = wrapper.framework; includeInIndex = 0; path = Pods_newsAppUITests.framework; sourceTree = BUILT_PRODUCTS_DIR; };
		A352C641FF0449A3742E794B /* Pods-newsApp.release.xcconfig */ = {isa = PBXFileReference; includeInIndex = 1; lastKnownFileType = text.xcconfig; name = "Pods-newsApp.release.xcconfig"; path = "Target Support Files/Pods-newsApp/Pods-newsApp.release.xcconfig"; sourceTree = "<group>"; };
		B1F5030B22FF94AD00BB034C /* newsApp.app */ = {isa = PBXFileReference; explicitFileType = wrapper.application; includeInIndex = 0; path = newsApp.app; sourceTree = BUILT_PRODUCTS_DIR; };
		B1F5030E22FF94AD00BB034C /* AppDelegate.swift */ = {isa = PBXFileReference; lastKnownFileType = sourcecode.swift; path = AppDelegate.swift; sourceTree = "<group>"; };
		B1F5031022FF94AD00BB034C /* ViewController.swift */ = {isa = PBXFileReference; lastKnownFileType = sourcecode.swift; path = ViewController.swift; sourceTree = "<group>"; };
		B1F5031322FF94AD00BB034C /* Base */ = {isa = PBXFileReference; lastKnownFileType = file.storyboard; name = Base; path = Base.lproj/Main.storyboard; sourceTree = "<group>"; };
		B1F5031522FF94AE00BB034C /* Assets.xcassets */ = {isa = PBXFileReference; lastKnownFileType = folder.assetcatalog; path = Assets.xcassets; sourceTree = "<group>"; };
		B1F5031822FF94AE00BB034C /* Base */ = {isa = PBXFileReference; lastKnownFileType = file.storyboard; name = Base; path = Base.lproj/LaunchScreen.storyboard; sourceTree = "<group>"; };
		B1F5031A22FF94AE00BB034C /* Info.plist */ = {isa = PBXFileReference; lastKnownFileType = text.plist.xml; path = Info.plist; sourceTree = "<group>"; };
		B1F5031F22FF94AE00BB034C /* newsAppTests.xctest */ = {isa = PBXFileReference; explicitFileType = wrapper.cfbundle; includeInIndex = 0; path = newsAppTests.xctest; sourceTree = BUILT_PRODUCTS_DIR; };
		B1F5032322FF94AE00BB034C /* newsAppTests.swift */ = {isa = PBXFileReference; lastKnownFileType = sourcecode.swift; path = newsAppTests.swift; sourceTree = "<group>"; };
		B1F5032522FF94AE00BB034C /* Info.plist */ = {isa = PBXFileReference; lastKnownFileType = text.plist.xml; path = Info.plist; sourceTree = "<group>"; };
		B1F5032A22FF94AE00BB034C /* newsAppUITests.xctest */ = {isa = PBXFileReference; explicitFileType = wrapper.cfbundle; includeInIndex = 0; path = newsAppUITests.xctest; sourceTree = BUILT_PRODUCTS_DIR; };
		B1F5032E22FF94AE00BB034C /* newsAppUITests.swift */ = {isa = PBXFileReference; lastKnownFileType = sourcecode.swift; path = newsAppUITests.swift; sourceTree = "<group>"; };
		B1F5033022FF94AE00BB034C /* Info.plist */ = {isa = PBXFileReference; lastKnownFileType = text.plist.xml; path = Info.plist; sourceTree = "<group>"; };
		B47A9B493EDF991B5EA5C51B /* Pods_newsApp.framework */ = {isa = PBXFileReference; explicitFileType = wrapper.framework; includeInIndex = 0; path = Pods_newsApp.framework; sourceTree = BUILT_PRODUCTS_DIR; };
		B635EB440D3FEF2F970F5281 /* Pods-newsAppTests.debug.xcconfig */ = {isa = PBXFileReference; includeInIndex = 1; lastKnownFileType = text.xcconfig; name = "Pods-newsAppTests.debug.xcconfig"; path = "Target Support Files/Pods-newsAppTests/Pods-newsAppTests.debug.xcconfig"; sourceTree = "<group>"; };
		C338388086A1F0289A151F86 /* Pods-newsAppUITests.release.xcconfig */ = {isa = PBXFileReference; includeInIndex = 1; lastKnownFileType = text.xcconfig; name = "Pods-newsAppUITests.release.xcconfig"; path = "Target Support Files/Pods-newsAppUITests/Pods-newsAppUITests.release.xcconfig"; sourceTree = "<group>"; };
		D136CD1873BF3ECF8A1004BB /* Pods-newsAppTests.release.xcconfig */ = {isa = PBXFileReference; includeInIndex = 1; lastKnownFileType = text.xcconfig; name = "Pods-newsAppTests.release.xcconfig"; path = "Target Support Files/Pods-newsAppTests/Pods-newsAppTests.release.xcconfig"; sourceTree = "<group>"; };
/* End PBXFileReference section */

/* Begin PBXFrameworksBuildPhase section */
		B1F5030822FF94AD00BB034C /* Frameworks */ = {
			isa = PBXFrameworksBuildPhase;
			buildActionMask = 2147483647;
			files = (
				0A42D797641E7C563BBA3827 /* Pods_newsApp.framework in Frameworks */,
			);
			runOnlyForDeploymentPostprocessing = 0;
		};
		B1F5031C22FF94AE00BB034C /* Frameworks */ = {
			isa = PBXFrameworksBuildPhase;
			buildActionMask = 2147483647;
			files = (
				0C3E38CE24908B2E2722A7E7 /* Pods_newsAppTests.framework in Frameworks */,
			);
			runOnlyForDeploymentPostprocessing = 0;
		};
		B1F5032722FF94AE00BB034C /* Frameworks */ = {
			isa = PBXFrameworksBuildPhase;
			buildActionMask = 2147483647;
			files = (
				EDB326693A5121A9CF913414 /* Pods_newsAppUITests.framework in Frameworks */,
			);
			runOnlyForDeploymentPostprocessing = 0;
		};
/* End PBXFrameworksBuildPhase section */

/* Begin PBXGroup section */
		37A82BD694904745FA613787 /* Frameworks */ = {
			isa = PBXGroup;
			children = (
				B47A9B493EDF991B5EA5C51B /* Pods_newsApp.framework */,
				873803905C0F10D8E9D85E40 /* Pods_newsAppTests.framework */,
				A220C152A24053A35848A33D /* Pods_newsAppUITests.framework */,
			);
			name = Frameworks;
			sourceTree = "<group>";
		};
		B1F5030222FF94AD00BB034C = {
			isa = PBXGroup;
			children = (
				B1F5030D22FF94AD00BB034C /* newsApp */,
				B1F5032222FF94AE00BB034C /* newsAppTests */,
				B1F5032D22FF94AE00BB034C /* newsAppUITests */,
				B1F5030C22FF94AD00BB034C /* Products */,
				C0D9DADC6F805A788F70729A /* Pods */,
				37A82BD694904745FA613787 /* Frameworks */,
			);
			sourceTree = "<group>";
		};
		B1F5030C22FF94AD00BB034C /* Products */ = {
			isa = PBXGroup;
			children = (
				B1F5030B22FF94AD00BB034C /* newsApp.app */,
				B1F5031F22FF94AE00BB034C /* newsAppTests.xctest */,
				B1F5032A22FF94AE00BB034C /* newsAppUITests.xctest */,
			);
			name = Products;
			sourceTree = "<group>";
		};
		B1F5030D22FF94AD00BB034C /* newsApp */ = {
			isa = PBXGroup;
			children = (
				B1F5030E22FF94AD00BB034C /* AppDelegate.swift */,
				B1F5031022FF94AD00BB034C /* ViewController.swift */,
				B1F5031222FF94AD00BB034C /* Main.storyboard */,
				B1F5031522FF94AE00BB034C /* Assets.xcassets */,
				B1F5031722FF94AE00BB034C /* LaunchScreen.storyboard */,
				B1F5031A22FF94AE00BB034C /* Info.plist */,
			);
			path = newsApp;
			sourceTree = "<group>";
		};
		B1F5032222FF94AE00BB034C /* newsAppTests */ = {
			isa = PBXGroup;
			children = (
				B1F5032322FF94AE00BB034C /* newsAppTests.swift */,
				B1F5032522FF94AE00BB034C /* Info.plist */,
			);
			path = newsAppTests;
			sourceTree = "<group>";
		};
		B1F5032D22FF94AE00BB034C /* newsAppUITests */ = {
			isa = PBXGroup;
			children = (
				B1F5032E22FF94AE00BB034C /* newsAppUITests.swift */,
				B1F5033022FF94AE00BB034C /* Info.plist */,
			);
			path = newsAppUITests;
			sourceTree = "<group>";
		};
		C0D9DADC6F805A788F70729A /* Pods */ = {
			isa = PBXGroup;
			children = (
				555888692F4D2EAC9AC87F9D /* Pods-newsApp.debug.xcconfig */,
				A352C641FF0449A3742E794B /* Pods-newsApp.release.xcconfig */,
				B635EB440D3FEF2F970F5281 /* Pods-newsAppTests.debug.xcconfig */,
				D136CD1873BF3ECF8A1004BB /* Pods-newsAppTests.release.xcconfig */,
				5EDEB24EAF57E166E9DA93FB /* Pods-newsAppUITests.debug.xcconfig */,
				C338388086A1F0289A151F86 /* Pods-newsAppUITests.release.xcconfig */,
			);
			path = Pods;
			sourceTree = "<group>";
		};
/* End PBXGroup section */

/* Begin PBXNativeTarget section */
		B1F5030A22FF94AD00BB034C /* newsApp */ = {
			isa = PBXNativeTarget;
			buildConfigurationList = B1F5033322FF94AE00BB034C /* Build configuration list for PBXNativeTarget "newsApp" */;
			buildPhases = (
				15A472C610D1D1047F494318 /* [CP] Check Pods Manifest.lock */,
				B1F5030722FF94AD00BB034C /* Sources */,
				B1F5030822FF94AD00BB034C /* Frameworks */,
				B1F5030922FF94AD00BB034C /* Resources */,
				6A60270E1316C29413C87186 /* [CP] Embed Pods Frameworks */,
			);
			buildRules = (
			);
			dependencies = (
			);
			name = newsApp;
			productName = newsApp;
			productReference = B1F5030B22FF94AD00BB034C /* newsApp.app */;
			productType = "com.apple.product-type.application";
		};
		B1F5031E22FF94AE00BB034C /* newsAppTests */ = {
			isa = PBXNativeTarget;
			buildConfigurationList = B1F5033622FF94AE00BB034C /* Build configuration list for PBXNativeTarget "newsAppTests" */;
			buildPhases = (
				346FE71FF73DCB2F0ECF4A4D /* [CP] Check Pods Manifest.lock */,
				B1F5031B22FF94AE00BB034C /* Sources */,
				B1F5031C22FF94AE00BB034C /* Frameworks */,
				B1F5031D22FF94AE00BB034C /* Resources */,
			);
			buildRules = (
			);
			dependencies = (
				B1F5032122FF94AE00BB034C /* PBXTargetDependency */,
			);
			name = newsAppTests;
			productName = newsAppTests;
			productReference = B1F5031F22FF94AE00BB034C /* newsAppTests.xctest */;
			productType = "com.apple.product-type.bundle.unit-test";
		};
		B1F5032922FF94AE00BB034C /* newsAppUITests */ = {
			isa = PBXNativeTarget;
			buildConfigurationList = B1F5033922FF94AE00BB034C /* Build configuration list for PBXNativeTarget "newsAppUITests" */;
			buildPhases = (
				FDE5EB18283645E839B775C4 /* [CP] Check Pods Manifest.lock */,
				B1F5032622FF94AE00BB034C /* Sources */,
				B1F5032722FF94AE00BB034C /* Frameworks */,
				B1F5032822FF94AE00BB034C /* Resources */,
			);
			buildRules = (
			);
			dependencies = (
				B1F5032C22FF94AE00BB034C /* PBXTargetDependency */,
			);
			name = newsAppUITests;
			productName = newsAppUITests;
			productReference = B1F5032A22FF94AE00BB034C /* newsAppUITests.xctest */;
			productType = "com.apple.product-type.bundle.ui-testing";
		};
/* End PBXNativeTarget section */

/* Begin PBXProject section */
		B1F5030322FF94AD00BB034C /* Project object */ = {
			isa = PBXProject;
			attributes = {
				LastSwiftUpdateCheck = 1030;
				LastUpgradeCheck = 1030;
				ORGANIZATIONNAME = Taigashiga;
				TargetAttributes = {
					B1F5030A22FF94AD00BB034C = {
						CreatedOnToolsVersion = 10.3;
					};
					B1F5031E22FF94AE00BB034C = {
						CreatedOnToolsVersion = 10.3;
						TestTargetID = B1F5030A22FF94AD00BB034C;
					};
					B1F5032922FF94AE00BB034C = {
						CreatedOnToolsVersion = 10.3;
						TestTargetID = B1F5030A22FF94AD00BB034C;
					};
				};
			};
			buildConfigurationList = B1F5030622FF94AD00BB034C /* Build configuration list for PBXProject "newsApp" */;
			compatibilityVersion = "Xcode 9.3";
			developmentRegion = en;
			hasScannedForEncodings = 0;
			knownRegions = (
				en,
				Base,
			);
			mainGroup = B1F5030222FF94AD00BB034C;
			productRefGroup = B1F5030C22FF94AD00BB034C /* Products */;
			projectDirPath = "";
			projectRoot = "";
			targets = (
				B1F5030A22FF94AD00BB034C /* newsApp */,
				B1F5031E22FF94AE00BB034C /* newsAppTests */,
				B1F5032922FF94AE00BB034C /* newsAppUITests */,
			);
		};
/* End PBXProject section */

/* Begin PBXResourcesBuildPhase section */
		B1F5030922FF94AD00BB034C /* Resources */ = {
			isa = PBXResourcesBuildPhase;
			buildActionMask = 2147483647;
			files = (
				B1F5031922FF94AE00BB034C /* LaunchScreen.storyboard in Resources */,
				B1F5031622FF94AE00BB034C /* Assets.xcassets in Resources */,
				B1F5031422FF94AD00BB034C /* Main.storyboard in Resources */,
			);
			runOnlyForDeploymentPostprocessing = 0;
		};
		B1F5031D22FF94AE00BB034C /* Resources */ = {
			isa = PBXResourcesBuildPhase;
			buildActionMask = 2147483647;
			files = (
			);
			runOnlyForDeploymentPostprocessing = 0;
		};
		B1F5032822FF94AE00BB034C /* Resources */ = {
			isa = PBXResourcesBuildPhase;
			buildActionMask = 2147483647;
			files = (
			);
			runOnlyForDeploymentPostprocessing = 0;
		};
/* End PBXResourcesBuildPhase section */

/* Begin PBXShellScriptBuildPhase section */
		15A472C610D1D1047F494318 /* [CP] Check Pods Manifest.lock */ = {
			isa = PBXShellScriptBuildPhase;
			buildActionMask = 2147483647;
			files = (
			);
			inputFileListPaths = (
			);
			inputPaths = (
				"${PODS_PODFILE_DIR_PATH}/Podfile.lock",
				"${PODS_ROOT}/Manifest.lock",
			);
			name = "[CP] Check Pods Manifest.lock";
			outputFileListPaths = (
			);
			outputPaths = (
				"$(DERIVED_FILE_DIR)/Pods-newsApp-checkManifestLockResult.txt",
			);
			runOnlyForDeploymentPostprocessing = 0;
			shellPath = /bin/sh;
			shellScript = "diff \"${PODS_PODFILE_DIR_PATH}/Podfile.lock\" \"${PODS_ROOT}/Manifest.lock\" > /dev/null\nif [ $? != 0 ] ; then\n    # print error to STDERR\n    echo \"error: The sandbox is not in sync with the Podfile.lock. Run 'pod install' or update your CocoaPods installation.\" >&2\n    exit 1\nfi\n# This output is used by Xcode 'outputs' to avoid re-running this script phase.\necho \"SUCCESS\" > \"${SCRIPT_OUTPUT_FILE_0}\"\n";
			showEnvVarsInLog = 0;
		};
		346FE71FF73DCB2F0ECF4A4D /* [CP] Check Pods Manifest.lock */ = {
			isa = PBXShellScriptBuildPhase;
			buildActionMask = 2147483647;
			files = (
			);
			inputFileListPaths = (
			);
			inputPaths = (
				"${PODS_PODFILE_DIR_PATH}/Podfile.lock",
				"${PODS_ROOT}/Manifest.lock",
			);
			name = "[CP] Check Pods Manifest.lock";
			outputFileListPaths = (
			);
			outputPaths = (
				"$(DERIVED_FILE_DIR)/Pods-newsAppTests-checkManifestLockResult.txt",
			);
			runOnlyForDeploymentPostprocessing = 0;
			shellPath = /bin/sh;
			shellScript = "diff \"${PODS_PODFILE_DIR_PATH}/Podfile.lock\" \"${PODS_ROOT}/Manifest.lock\" > /dev/null\nif [ $? != 0 ] ; then\n    # print error to STDERR\n    echo \"error: The sandbox is not in sync with the Podfile.lock. Run 'pod install' or update your CocoaPods installation.\" >&2\n    exit 1\nfi\n# This output is used by Xcode 'outputs' to avoid re-running this script phase.\necho \"SUCCESS\" > \"${SCRIPT_OUTPUT_FILE_0}\"\n";
			showEnvVarsInLog = 0;
		};
		6A60270E1316C29413C87186 /* [CP] Embed Pods Frameworks */ = {
			isa = PBXShellScriptBuildPhase;
			buildActionMask = 2147483647;
			files = (
			);
			inputFileListPaths = (
				"${PODS_ROOT}/Target Support Files/Pods-newsApp/Pods-newsApp-frameworks-${CONFIGURATION}-input-files.xcfilelist",
			);
			name = "[CP] Embed Pods Frameworks";
			outputFileListPaths = (
				"${PODS_ROOT}/Target Support Files/Pods-newsApp/Pods-newsApp-frameworks-${CONFIGURATION}-output-files.xcfilelist",
			);
			runOnlyForDeploymentPostprocessing = 0;
			shellPath = /bin/sh;
			shellScript = "\"${PODS_ROOT}/Target Support Files/Pods-newsApp/Pods-newsApp-frameworks.sh\"\n";
			showEnvVarsInLog = 0;
		};
		FDE5EB18283645E839B775C4 /* [CP] Check Pods Manifest.lock */ = {
			isa = PBXShellScriptBuildPhase;
			buildActionMask = 2147483647;
			files = (
			);
			inputFileListPaths = (
			);
			inputPaths = (
				"${PODS_PODFILE_DIR_PATH}/Podfile.lock",
				"${PODS_ROOT}/Manifest.lock",
			);
			name = "[CP] Check Pods Manifest.lock";
			outputFileListPaths = (
			);
			outputPaths = (
				"$(DERIVED_FILE_DIR)/Pods-newsAppUITests-checkManifestLockResult.txt",
			);
			runOnlyForDeploymentPostprocessing = 0;
			shellPath = /bin/sh;
			shellScript = "diff \"${PODS_PODFILE_DIR_PATH}/Podfile.lock\" \"${PODS_ROOT}/Manifest.lock\" > /dev/null\nif [ $? != 0 ] ; then\n    # print error to STDERR\n    echo \"error: The sandbox is not in sync with the Podfile.lock. Run 'pod install' or update your CocoaPods installation.\" >&2\n    exit 1\nfi\n# This output is used by Xcode 'outputs' to avoid re-running this script phase.\necho \"SUCCESS\" > \"${SCRIPT_OUTPUT_FILE_0}\"\n";
			showEnvVarsInLog = 0;
		};
/* End PBXShellScriptBuildPhase section */

/* Begin PBXSourcesBuildPhase section */
		B1F5030722FF94AD00BB034C /* Sources */ = {
			isa = PBXSourcesBuildPhase;
			buildActionMask = 2147483647;
			files = (
				B1F5031122FF94AD00BB034C /* ViewController.swift in Sources */,
				B1F5030F22FF94AD00BB034C /* AppDelegate.swift in Sources */,
			);
			runOnlyForDeploymentPostprocessing = 0;
		};
		B1F5031B22FF94AE00BB034C /* Sources */ = {
			isa = PBXSourcesBuildPhase;
			buildActionMask = 2147483647;
			files = (
				B1F5032422FF94AE00BB034C /* newsAppTests.swift in Sources */,
			);
			runOnlyForDeploymentPostprocessing = 0;
		};
		B1F5032622FF94AE00BB034C /* Sources */ = {
			isa = PBXSourcesBuildPhase;
			buildActionMask = 2147483647;
			files = (
				B1F5032F22FF94AE00BB034C /* newsAppUITests.swift in Sources */,
			);
			runOnlyForDeploymentPostprocessing = 0;
		};
/* End PBXSourcesBuildPhase section */

/* Begin PBXTargetDependency section */
		B1F5032122FF94AE00BB034C /* PBXTargetDependency */ = {
			isa = PBXTargetDependency;
			target = B1F5030A22FF94AD00BB034C /* newsApp */;
			targetProxy = B1F5032022FF94AE00BB034C /* PBXContainerItemProxy */;
		};
		B1F5032C22FF94AE00BB034C /* PBXTargetDependency */ = {
			isa = PBXTargetDependency;
			target = B1F5030A22FF94AD00BB034C /* newsApp */;
			targetProxy = B1F5032B22FF94AE00BB034C /* PBXContainerItemProxy */;
		};
/* End PBXTargetDependency section */

/* Begin PBXVariantGroup section */
		B1F5031222FF94AD00BB034C /* Main.storyboard */ = {
			isa = PBXVariantGroup;
			children = (
				B1F5031322FF94AD00BB034C /* Base */,
			);
			name = Main.storyboard;
			sourceTree = "<group>";
		};
		B1F5031722FF94AE00BB034C /* LaunchScreen.storyboard */ = {
			isa = PBXVariantGroup;
			children = (
				B1F5031822FF94AE00BB034C /* Base */,
			);
			name = LaunchScreen.storyboard;
			sourceTree = "<group>";
		};
/* End PBXVariantGroup section */

/* Begin XCBuildConfiguration section */
		B1F5033122FF94AE00BB034C /* Debug */ = {
			isa = XCBuildConfiguration;
			buildSettings = {
				ALWAYS_SEARCH_USER_PATHS = NO;
				CLANG_ANALYZER_NONNULL = YES;
				CLANG_ANALYZER_NUMBER_OBJECT_CONVERSION = YES_AGGRESSIVE;
				CLANG_CXX_LANGUAGE_STANDARD = "gnu++14";
				CLANG_CXX_LIBRARY = "libc++";
				CLANG_ENABLE_MODULES = YES;
				CLANG_ENABLE_OBJC_ARC = YES;
				CLANG_ENABLE_OBJC_WEAK = YES;
				CLANG_WARN_BLOCK_CAPTURE_AUTORELEASING = YES;
				CLANG_WARN_BOOL_CONVERSION = YES;
				CLANG_WARN_COMMA = YES;
				CLANG_WARN_CONSTANT_CONVERSION = YES;
				CLANG_WARN_DEPRECATED_OBJC_IMPLEMENTATIONS = YES;
				CLANG_WARN_DIRECT_OBJC_ISA_USAGE = YES_ERROR;
				CLANG_WARN_DOCUMENTATION_COMMENTS = YES;
				CLANG_WARN_EMPTY_BODY = YES;
				CLANG_WARN_ENUM_CONVERSION = YES;
				CLANG_WARN_INFINITE_RECURSION = YES;
				CLANG_WARN_INT_CONVERSION = YES;
				CLANG_WARN_NON_LITERAL_NULL_CONVERSION = YES;
				CLANG_WARN_OBJC_IMPLICIT_RETAIN_SELF = YES;
				CLANG_WARN_OBJC_LITERAL_CONVERSION = YES;
				CLANG_WARN_OBJC_ROOT_CLASS = YES_ERROR;
				CLANG_WARN_RANGE_LOOP_ANALYSIS = YES;
				CLANG_WARN_STRICT_PROTOTYPES = YES;
				CLANG_WARN_SUSPICIOUS_MOVE = YES;
				CLANG_WARN_UNGUARDED_AVAILABILITY = YES_AGGRESSIVE;
				CLANG_WARN_UNREACHABLE_CODE = YES;
				CLANG_WARN__DUPLICATE_METHOD_MATCH = YES;
				CODE_SIGN_IDENTITY = "iPhone Developer";
				COPY_PHASE_STRIP = NO;
				DEBUG_INFORMATION_FORMAT = dwarf;
				ENABLE_STRICT_OBJC_MSGSEND = YES;
				ENABLE_TESTABILITY = YES;
				GCC_C_LANGUAGE_STANDARD = gnu11;
				GCC_DYNAMIC_NO_PIC = NO;
				GCC_NO_COMMON_BLOCKS = YES;
				GCC_OPTIMIZATION_LEVEL = 0;
				GCC_PREPROCESSOR_DEFINITIONS = (
					"DEBUG=1",
					"$(inherited)",
				);
				GCC_WARN_64_TO_32_BIT_CONVERSION = YES;
				GCC_WARN_ABOUT_RETURN_TYPE = YES_ERROR;
				GCC_WARN_UNDECLARED_SELECTOR = YES;
				GCC_WARN_UNINITIALIZED_AUTOS = YES_AGGRESSIVE;
				GCC_WARN_UNUSED_FUNCTION = YES;
				GCC_WARN_UNUSED_VARIABLE = YES;
				IPHONEOS_DEPLOYMENT_TARGET = 12.4;
				MTL_ENABLE_DEBUG_INFO = INCLUDE_SOURCE;
				MTL_FAST_MATH = YES;
				ONLY_ACTIVE_ARCH = YES;
				SDKROOT = iphoneos;
				SWIFT_ACTIVE_COMPILATION_CONDITIONS = DEBUG;
				SWIFT_OPTIMIZATION_LEVEL = "-Onone";
			};
			name = Debug;
		};
		B1F5033222FF94AE00BB034C /* Release */ = {
			isa = XCBuildConfiguration;
			buildSettings = {
				ALWAYS_SEARCH_USER_PATHS = NO;
				CLANG_ANALYZER_NONNULL = YES;
				CLANG_ANALYZER_NUMBER_OBJECT_CONVERSION = YES_AGGRESSIVE;
				CLANG_CXX_LANGUAGE_STANDARD = "gnu++14";
				CLANG_CXX_LIBRARY = "libc++";
				CLANG_ENABLE_MODULES = YES;
				CLANG_ENABLE_OBJC_ARC = YES;
				CLANG_ENABLE_OBJC_WEAK = YES;
				CLANG_WARN_BLOCK_CAPTURE_AUTORELEASING = YES;
				CLANG_WARN_BOOL_CONVERSION = YES;
				CLANG_WARN_COMMA = YES;
				CLANG_WARN_CONSTANT_CONVERSION = YES;
				CLANG_WARN_DEPRECATED_OBJC_IMPLEMENTATIONS = YES;
				CLANG_WARN_DIRECT_OBJC_ISA_USAGE = YES_ERROR;
				CLANG_WARN_DOCUMENTATION_COMMENTS = YES;
				CLANG_WARN_EMPTY_BODY = YES;
				CLANG_WARN_ENUM_CONVERSION = YES;
				CLANG_WARN_INFINITE_RECURSION = YES;
				CLANG_WARN_INT_CONVERSION = YES;
				CLANG_WARN_NON_LITERAL_NULL_CONVERSION = YES;
				CLANG_WARN_OBJC_IMPLICIT_RETAIN_SELF = YES;
				CLANG_WARN_OBJC_LITERAL_CONVERSION = YES;
				CLANG_WARN_OBJC_ROOT_CLASS = YES_ERROR;
				CLANG_WARN_RANGE_LOOP_ANALYSIS = YES;
				CLANG_WARN_STRICT_PROTOTYPES = YES;
				CLANG_WARN_SUSPICIOUS_MOVE = YES;
				CLANG_WARN_UNGUARDED_AVAILABILITY = YES_AGGRESSIVE;
				CLANG_WARN_UNREACHABLE_CODE = YES;
				CLANG_WARN__DUPLICATE_METHOD_MATCH = YES;
				CODE_SIGN_IDENTITY = "iPhone Developer";
				COPY_PHASE_STRIP = NO;
				DEBUG_INFORMATION_FORMAT = "dwarf-with-dsym";
				ENABLE_NS_ASSERTIONS = NO;
				ENABLE_STRICT_OBJC_MSGSEND = YES;
				GCC_C_LANGUAGE_STANDARD = gnu11;
				GCC_NO_COMMON_BLOCKS = YES;
				GCC_WARN_64_TO_32_BIT_CONVERSION = YES;
				GCC_WARN_ABOUT_RETURN_TYPE = YES_ERROR;
				GCC_WARN_UNDECLARED_SELECTOR = YES;
				GCC_WARN_UNINITIALIZED_AUTOS = YES_AGGRESSIVE;
				GCC_WARN_UNUSED_FUNCTION = YES;
				GCC_WARN_UNUSED_VARIABLE = YES;
				IPHONEOS_DEPLOYMENT_TARGET = 12.4;
				MTL_ENABLE_DEBUG_INFO = NO;
				MTL_FAST_MATH = YES;
				SDKROOT = iphoneos;
				SWIFT_COMPILATION_MODE = wholemodule;
				SWIFT_OPTIMIZATION_LEVEL = "-O";
				VALIDATE_PRODUCT = YES;
			};
			name = Release;
		};
		B1F5033422FF94AE00BB034C /* Debug */ = {
			isa = XCBuildConfiguration;
			baseConfigurationReference = 555888692F4D2EAC9AC87F9D /* Pods-newsApp.debug.xcconfig */;
			buildSettings = {
				ASSETCATALOG_COMPILER_APPICON_NAME = AppIcon;
				CODE_SIGN_STYLE = Automatic;
				INFOPLIST_FILE = newsApp/Info.plist;
				LD_RUNPATH_SEARCH_PATHS = (
					"$(inherited)",
					"@executable_path/Frameworks",
				);
				PRODUCT_BUNDLE_IDENTIFIER = project.newsApp;
				PRODUCT_NAME = "$(TARGET_NAME)";
				SWIFT_VERSION = 5.0;
				TARGETED_DEVICE_FAMILY = "1,2";
			};
			name = Debug;
		};
		B1F5033522FF94AE00BB034C /* Release */ = {
			isa = XCBuildConfiguration;
			baseConfigurationReference = A352C641FF0449A3742E794B /* Pods-newsApp.release.xcconfig */;
			buildSettings = {
				ASSETCATALOG_COMPILER_APPICON_NAME = AppIcon;
				CODE_SIGN_STYLE = Automatic;
				INFOPLIST_FILE = newsApp/Info.plist;
				LD_RUNPATH_SEARCH_PATHS = (
					"$(inherited)",
					"@executable_path/Frameworks",
				);
				PRODUCT_BUNDLE_IDENTIFIER = project.newsApp;
				PRODUCT_NAME = "$(TARGET_NAME)";
				SWIFT_VERSION = 5.0;
				TARGETED_DEVICE_FAMILY = "1,2";
			};
			name = Release;
		};
		B1F5033722FF94AE00BB034C /* Debug */ = {
			isa = XCBuildConfiguration;
			baseConfigurationReference = B635EB440D3FEF2F970F5281 /* Pods-newsAppTests.debug.xcconfig */;
			buildSettings = {
				ALWAYS_EMBED_SWIFT_STANDARD_LIBRARIES = YES;
				BUNDLE_LOADER = "$(TEST_HOST)";
				CODE_SIGN_STYLE = Automatic;
				INFOPLIST_FILE = newsAppTests/Info.plist;
				LD_RUNPATH_SEARCH_PATHS = (
					"$(inherited)",
					"@executable_path/Frameworks",
					"@loader_path/Frameworks",
				);
				PRODUCT_BUNDLE_IDENTIFIER = project.newsAppTests;
				PRODUCT_NAME = "$(TARGET_NAME)";
				SWIFT_VERSION = 5.0;
				TARGETED_DEVICE_FAMILY = "1,2";
				TEST_HOST = "$(BUILT_PRODUCTS_DIR)/newsApp.app/newsApp";
			};
			name = Debug;
		};
		B1F5033822FF94AE00BB034C /* Release */ = {
			isa = XCBuildConfiguration;
			baseConfigurationReference = D136CD1873BF3ECF8A1004BB /* Pods-newsAppTests.release.xcconfig */;
			buildSettings = {
				ALWAYS_EMBED_SWIFT_STANDARD_LIBRARIES = YES;
				BUNDLE_LOADER = "$(TEST_HOST)";
				CODE_SIGN_STYLE = Automatic;
				INFOPLIST_FILE = newsAppTests/Info.plist;
				LD_RUNPATH_SEARCH_PATHS = (
					"$(inherited)",
					"@executable_path/Frameworks",
					"@loader_path/Frameworks",
				);
				PRODUCT_BUNDLE_IDENTIFIER = project.newsAppTests;
				PRODUCT_NAME = "$(TARGET_NAME)";
				SWIFT_VERSION = 5.0;
				TARGETED_DEVICE_FAMILY = "1,2";
				TEST_HOST = "$(BUILT_PRODUCTS_DIR)/newsApp.app/newsApp";
			};
			name = Release;
		};
		B1F5033A22FF94AE00BB034C /* Debug */ = {
			isa = XCBuildConfiguration;
			baseConfigurationReference = 5EDEB24EAF57E166E9DA93FB /* Pods-newsAppUITests.debug.xcconfig */;
			buildSettings = {
				ALWAYS_EMBED_SWIFT_STANDARD_LIBRARIES = YES;
				CODE_SIGN_STYLE = Automatic;
				INFOPLIST_FILE = newsAppUITests/Info.plist;
				LD_RUNPATH_SEARCH_PATHS = (
					"$(inherited)",
					"@executable_path/Frameworks",
					"@loader_path/Frameworks",
				);
				PRODUCT_BUNDLE_IDENTIFIER = project.newsAppUITests;
				PRODUCT_NAME = "$(TARGET_NAME)";
				SWIFT_VERSION = 5.0;
				TARGETED_DEVICE_FAMILY = "1,2";
				TEST_TARGET_NAME = newsApp;
			};
			name = Debug;
		};
		B1F5033B22FF94AE00BB034C /* Release */ = {
			isa = XCBuildConfiguration;
			baseConfigurationReference = C338388086A1F0289A151F86 /* Pods-newsAppUITests.release.xcconfig */;
			buildSettings = {
				ALWAYS_EMBED_SWIFT_STANDARD_LIBRARIES = YES;
				CODE_SIGN_STYLE = Automatic;
				INFOPLIST_FILE = newsAppUITests/Info.plist;
				LD_RUNPATH_SEARCH_PATHS = (
					"$(inherited)",
					"@executable_path/Frameworks",
					"@loader_path/Frameworks",
				);
				PRODUCT_BUNDLE_IDENTIFIER = project.newsAppUITests;
				PRODUCT_NAME = "$(TARGET_NAME)";
				SWIFT_VERSION = 5.0;
				TARGETED_DEVICE_FAMILY = "1,2";
				TEST_TARGET_NAME = newsApp;
			};
			name = Release;
		};
/* End XCBuildConfiguration section */

/* Begin XCConfigurationList section */
		B1F5030622FF94AD00BB034C /* Build configuration list for PBXProject "newsApp" */ = {
			isa = XCConfigurationList;
			buildConfigurations = (
				B1F5033122FF94AE00BB034C /* Debug */,
				B1F5033222FF94AE00BB034C /* Release */,
			);
			defaultConfigurationIsVisible = 0;
			defaultConfigurationName = Release;
		};
		B1F5033322FF94AE00BB034C /* Build configuration list for PBXNativeTarget "newsApp" */ = {
			isa = XCConfigurationList;
			buildConfigurations = (
				B1F5033422FF94AE00BB034C /* Debug */,
				B1F5033522FF94AE00BB034C /* Release */,
			);
			defaultConfigurationIsVisible = 0;
			defaultConfigurationName = Release;
		};
		B1F5033622FF94AE00BB034C /* Build configuration list for PBXNativeTarget "newsAppTests" */ = {
			isa = XCConfigurationList;
			buildConfigurations = (
				B1F5033722FF94AE00BB034C /* Debug */,
				B1F5033822FF94AE00BB034C /* Release */,
			);
			defaultConfigurationIsVisible = 0;
			defaultConfigurationName = Release;
		};
		B1F5033922FF94AE00BB034C /* Build configuration list for PBXNativeTarget "newsAppUITests" */ = {
			isa = XCConfigurationList;
			buildConfigurations = (
				B1F5033A22FF94AE00BB034C /* Debug */,
				B1F5033B22FF94AE00BB034C /* Release */,
			);
			defaultConfigurationIsVisible = 0;
			defaultConfigurationName = Release;
		};
/* End XCConfigurationList section */
	};
	rootObject = B1F5030322FF94AD00BB034C /* Project object */;
}
